
Microsoft Visual Studio Solution File, Format Version 12.00
# Visual Studio Version 17
VisualStudioVersion = 17.11.35327.3
MinimumVisualStudioVersion = 10.0.40219.1
Project("{8BC9CEB8-8B4A-11D0-8D11-00A0C91BC942}") = "MT2", "MT2.vcxproj", "{3DBD569B-DE76-499B-AFA3-C6190BA70086}"
EndProject
Global
	GlobalSection(SolutionConfigurationPlatforms) = preSolution
		Debug|x64 = Debug|x64
		Develop|x64 = Develop|x64
		Release|x64 = Release|x64
	EndGlobalSection
	GlobalSection(ProjectConfigurationPlatforms) = postSolution
		{3DBD569B-DE76-499B-AFA3-C6190BA70086}.Debug|x64.ActiveCfg = Debug|x64
		{3DBD569B-DE76-499B-AFA3-C6190BA70086}.Debug|x64.Build.0 = Debug|x64
		{3DBD569B-DE76-499B-AFA3-C6190BA70086}.Develop|x64.ActiveCfg = Develop|x64
		{3DBD569B-DE76-499B-AFA3-C6190BA70086}.Develop|x64.Build.0 = Develop|x64
		{3DBD569B-DE76-499B-AFA3-C6190BA70086}.Release|x64.ActiveCfg = Release|x64
		{3DBD569B-DE76-499B-AFA3-C6190BA70086}.Release|x64.Build.0 = Release|x64
	EndGlobalSection
	GlobalSection(SolutionProperties) = preSolution
		HideSolutionNode = FALSE
	EndGlobalSection
	GlobalSection(ExtensibilityGlobals) = postSolution
		SolutionGuid = {5272597F-4196-4B3E-A656-A8F749A3AAD3}
	EndGlobalSection
EndGlobal
